
Microsoft Visual Studio Solution File, Format Version 12.00
# Visual Studio Version 16
VisualStudioVersion = 16.0.30413.136
MinimumVisualStudioVersion = 10.0.40219.1
Project("{9A19103F-16F7-4668-BE54-9A1E7A4F7556}") = "UnitTestProject", "UnitTestProject\UnitTestProject.csproj", "{0DE80843-645D-4DBF-AE66-A3B7C59BDB6D}"
EndProject
Project("{9A19103F-16F7-4668-BE54-9A1E7A4F7556}") = "ColorTextBlock.Avalonia", "..\Markdown.Avalonia\ColorTextBlock.Avalonia\ColorTextBlock.Avalonia.csproj", "{E6869736-4B0A-445D-8E30-855DCA73A761}"
EndProject
Project("{9A19103F-16F7-4668-BE54-9A1E7A4F7556}") = "Markdown.Avalonia", "..\Markdown.Avalonia\Markdown.Avalonia\Markdown.Avalonia.csproj", "{FCC1AAA7-7D5D-40B2-94EE-88DE469C8469}"
EndProject
Project("{9A19103F-16F7-4668-BE54-9A1E7A4F7556}") = "Avalonia.UnitTests", "Avalonia.UnitTests\tests\Avalonia.UnitTests\Avalonia.UnitTests.csproj", "{7EE29AC4-A8C3-437B-8AE3-16D14D40B213}"
EndProject
Global
	GlobalSection(SharedMSBuildProjectFiles) = preSolution
		Avalonia.UnitTests\src\Shared\PlatformSupport\PlatformSupport.projitems*{7ee29ac4-a8c3-437b-8ae3-16d14d40b213}*SharedItemsImports = 5
	EndGlobalSection
	GlobalSection(SolutionConfigurationPlatforms) = preSolution
		Debug|Any CPU = Debug|Any CPU
		Release|Any CPU = Release|Any CPU
	EndGlobalSection
	GlobalSection(ProjectConfigurationPlatforms) = postSolution
		{0DE80843-645D-4DBF-AE66-A3B7C59BDB6D}.Debug|Any CPU.ActiveCfg = Debug|Any CPU
		{0DE80843-645D-4DBF-AE66-A3B7C59BDB6D}.Debug|Any CPU.Build.0 = Debug|Any CPU
		{0DE80843-645D-4DBF-AE66-A3B7C59BDB6D}.Release|Any CPU.ActiveCfg = Release|Any CPU
		{0DE80843-645D-4DBF-AE66-A3B7C59BDB6D}.Release|Any CPU.Build.0 = Release|Any CPU
		{E6869736-4B0A-445D-8E30-855DCA73A761}.Debug|Any CPU.ActiveCfg = Debug|Any CPU
		{E6869736-4B0A-445D-8E30-855DCA73A761}.Debug|Any CPU.Build.0 = Debug|Any CPU
		{E6869736-4B0A-445D-8E30-855DCA73A761}.Release|Any CPU.ActiveCfg = Release|Any CPU
		{E6869736-4B0A-445D-8E30-855DCA73A761}.Release|Any CPU.Build.0 = Release|Any CPU
		{FCC1AAA7-7D5D-40B2-94EE-88DE469C8469}.Debug|Any CPU.ActiveCfg = Debug|Any CPU
		{FCC1AAA7-7D5D-40B2-94EE-88DE469C8469}.Debug|Any CPU.Build.0 = Debug|Any CPU
		{FCC1AAA7-7D5D-40B2-94EE-88DE469C8469}.Release|Any CPU.ActiveCfg = Release|Any CPU
		{FCC1AAA7-7D5D-40B2-94EE-88DE469C8469}.Release|Any CPU.Build.0 = Release|Any CPU
		{7EE29AC4-A8C3-437B-8AE3-16D14D40B213}.Debug|Any CPU.ActiveCfg = Debug|Any CPU
		{7EE29AC4-A8C3-437B-8AE3-16D14D40B213}.Debug|Any CPU.Build.0 = Debug|Any CPU
		{7EE29AC4-A8C3-437B-8AE3-16D14D40B213}.Release|Any CPU.ActiveCfg = Release|Any CPU
		{7EE29AC4-A8C3-437B-8AE3-16D14D40B213}.Release|Any CPU.Build.0 = Release|Any CPU
	EndGlobalSection
	GlobalSection(SolutionProperties) = preSolution
		HideSolutionNode = FALSE
	EndGlobalSection
	GlobalSection(ExtensibilityGlobals) = postSolution
		SolutionGuid = {7165F250-A1DD-47A3-8F6C-F619F0987E23}
	EndGlobalSection
EndGlobal
